
Microsoft Visual Studio Solution File, Format Version 12.00
# Visual Studio Version 17
VisualStudioVersion = 17.0.31903.59
MinimumVisualStudioVersion = 10.0.40219.1
Project("{FAE04EC0-301F-11D3-BF4B-00C04F79EFBC}") = "TQVaultAE", "src\TQVaultAE\TQVaultAE.csproj", "{1778A2C5-9E66-4ABC-37D0-D908E85E6089}"
EndProject
Project("{FAE04EC0-301F-11D3-BF4B-00C04F79EFBC}") = "TQVaultAE.Models", "src\TQVaultAE.Models\TQVaultAE.Models.csproj", "{E870349E-647B-41CE-2AC4-C9DED9521F1B}"
EndProject
Project("{FAE04EC0-301F-11D3-BF4B-00C04F79EFBC}") = "TQVaultAE.Services", "src\TQVaultAE.Services\TQVaultAE.Services.csproj", "{02DF219B-4F68-D4A3-D20C-B2889B82C0B2}"
EndProject
Project("{FAE04EC0-301F-11D3-BF4B-00C04F79EFBC}") = "TQVaultAE.UI", "src\TQVaultAE.UI\TQVaultAE.UI.csproj", "{1D4DBB69-005B-B472-8DB0-13B72E730766}"
EndProject
Global
	GlobalSection(SolutionConfigurationPlatforms) = preSolution
		Debug|Any CPU = Debug|Any CPU
		Release|Any CPU = Release|Any CPU
	EndGlobalSection
	GlobalSection(ProjectConfigurationPlatforms) = postSolution
		{1778A2C5-9E66-4ABC-37D0-D908E85E6089}.Debug|Any CPU.ActiveCfg = Debug|Any CPU
		{1778A2C5-9E66-4ABC-37D0-D908E85E6089}.Debug|Any CPU.Build.0 = Debug|Any CPU
		{1778A2C5-9E66-4ABC-37D0-D908E85E6089}.Release|Any CPU.ActiveCfg = Release|Any CPU
		{1778A2C5-9E66-4ABC-37D0-D908E85E6089}.Release|Any CPU.Build.0 = Release|Any CPU
		{E870349E-647B-41CE-2AC4-C9DED9521F1B}.Debug|Any CPU.ActiveCfg = Debug|Any CPU
		{E870349E-647B-41CE-2AC4-C9DED9521F1B}.Debug|Any CPU.Build.0 = Debug|Any CPU
		{E870349E-647B-41CE-2AC4-C9DED9521F1B}.Release|Any CPU.ActiveCfg = Release|Any CPU
		{E870349E-647B-41CE-2AC4-C9DED9521F1B}.Release|Any CPU.Build.0 = Release|Any CPU
		{02DF219B-4F68-D4A3-D20C-B2889B82C0B2}.Debug|Any CPU.ActiveCfg = Debug|Any CPU
		{02DF219B-4F68-D4A3-D20C-B2889B82C0B2}.Debug|Any CPU.Build.0 = Debug|Any CPU
		{02DF219B-4F68-D4A3-D20C-B2889B82C0B2}.Release|Any CPU.ActiveCfg = Release|Any CPU
		{02DF219B-4F68-D4A3-D20C-B2889B82C0B2}.Release|Any CPU.Build.0 = Release|Any CPU
		{1D4DBB69-005B-B472-8DB0-13B72E730766}.Debug|Any CPU.ActiveCfg = Debug|Any CPU
		{1D4DBB69-005B-B472-8DB0-13B72E730766}.Debug|Any CPU.Build.0 = Debug|Any CPU
		{1D4DBB69-005B-B472-8DB0-13B72E730766}.Release|Any CPU.ActiveCfg = Release|Any CPU
		{1D4DBB69-005B-B472-8DB0-13B72E730766}.Release|Any CPU.Build.0 = Release|Any CPU
	EndGlobalSection
	GlobalSection(SolutionProperties) = preSolution
		HideSolutionNode = FALSE
	EndGlobalSection
EndGlobal
